// !$*UTF8*$!
{
	archiveVersion = 1;
	classes = {
	};
	objectVersion = 56;
	objects = {

/* Begin PBXBuildFile section */
		37CCF5D629B210EC00888C20 /* ChatBaseView.swift in Sources */ = {isa = PBXBuildFile; fileRef = 37CCF5D529B210EC00888C20 /* ChatBaseView.swift */; };
		37CCF5D829B22F8B00888C20 /* UITextView+Ex.swift in Sources */ = {isa = PBXBuildFile; fileRef = 37CCF5D729B22F8B00888C20 /* UITextView+Ex.swift */; };
		37CCF5DA29B22FF500888C20 /* ChatViewModel.swift in Sources */ = {isa = PBXBuildFile; fileRef = 37CCF5D929B22FF500888C20 /* ChatViewModel.swift */; };
		37CCF5DC29B2589B00888C20 /* ChatRoom.swift in Sources */ = {isa = PBXBuildFile; fileRef = 37CCF5DB29B2589B00888C20 /* ChatRoom.swift */; };
		37CCF5DF29B25DC600888C20 /* KeyBoardHandling.swift in Sources */ = {isa = PBXBuildFile; fileRef = 37CCF5DE29B25DC600888C20 /* KeyBoardHandling.swift */; };
		37CCF5E129B3428D00888C20 /* UIColor+Ex.swift in Sources */ = {isa = PBXBuildFile; fileRef = 37CCF5E029B3428D00888C20 /* UIColor+Ex.swift */; };
		37E1882229B1D6C5000B8914 /* AppDelegate.swift in Sources */ = {isa = PBXBuildFile; fileRef = 37E1882129B1D6C5000B8914 /* AppDelegate.swift */; };
		37E1882429B1D6C5000B8914 /* SceneDelegate.swift in Sources */ = {isa = PBXBuildFile; fileRef = 37E1882329B1D6C5000B8914 /* SceneDelegate.swift */; };
		37E1882629B1D6C6000B8914 /* ChatRoomViewController.swift in Sources */ = {isa = PBXBuildFile; fileRef = 37E1882529B1D6C6000B8914 /* ChatRoomViewController.swift */; };
		37E1882B29B1D6C7000B8914 /* Assets.xcassets in Resources */ = {isa = PBXBuildFile; fileRef = 37E1882A29B1D6C7000B8914 /* Assets.xcassets */; };
		37E1882E29B1D6C7000B8914 /* LaunchScreen.storyboard in Resources */ = {isa = PBXBuildFile; fileRef = 37E1882C29B1D6C7000B8914 /* LaunchScreen.storyboard */; };
		37E1883C29B1D81D000B8914 /* APIInfo.swift in Sources */ = {isa = PBXBuildFile; fileRef = 37E1883B29B1D81D000B8914 /* APIInfo.swift */; };
		37E1883E29B1D865000B8914 /* ChatManager.swift in Sources */ = {isa = PBXBuildFile; fileRef = 37E1883D29B1D865000B8914 /* ChatManager.swift */; };
		37E1884029B1DF37000B8914 /* UserMessage.swift in Sources */ = {isa = PBXBuildFile; fileRef = 37E1883F29B1DF37000B8914 /* UserMessage.swift */; };
		37E1884229B1E906000B8914 /* BotResponse.swift in Sources */ = {isa = PBXBuildFile; fileRef = 37E1884129B1E906000B8914 /* BotResponse.swift */; };
		37E1884429B1F80F000B8914 /* MainTabBarController.swift in Sources */ = {isa = PBXBuildFile; fileRef = 37E1884329B1F80F000B8914 /* MainTabBarController.swift */; };
		37E1884829B1FA32000B8914 /* ChatTableView.swift in Sources */ = {isa = PBXBuildFile; fileRef = 37E1884729B1FA32000B8914 /* ChatTableView.swift */; };
		37E1884B29B1FA5D000B8914 /* UserMessageCell.swift in Sources */ = {isa = PBXBuildFile; fileRef = 37E1884929B1FA5D000B8914 /* UserMessageCell.swift */; };
		37E1884C29B1FA5D000B8914 /* UserMessageCell.xib in Resources */ = {isa = PBXBuildFile; fileRef = 37E1884A29B1FA5D000B8914 /* UserMessageCell.xib */; };
		37E1884F29B1FA70000B8914 /* BotMessageCell.swift in Sources */ = {isa = PBXBuildFile; fileRef = 37E1884D29B1FA70000B8914 /* BotMessageCell.swift */; };
		37E1885029B1FA70000B8914 /* BotMessageCell.xib in Resources */ = {isa = PBXBuildFile; fileRef = 37E1884E29B1FA70000B8914 /* BotMessageCell.xib */; };
		37E1885329B1FB20000B8914 /* UITextViewCell+Ex.swift in Sources */ = {isa = PBXBuildFile; fileRef = 37E1885229B1FB20000B8914 /* UITextViewCell+Ex.swift */; };
/* End PBXBuildFile section */

/* Begin PBXFileReference section */
		37CCF5D529B210EC00888C20 /* ChatBaseView.swift */ = {isa = PBXFileReference; lastKnownFileType = sourcecode.swift; path = ChatBaseView.swift; sourceTree = "<group>"; };
		37CCF5D729B22F8B00888C20 /* UITextView+Ex.swift */ = {isa = PBXFileReference; lastKnownFileType = sourcecode.swift; path = "UITextView+Ex.swift"; sourceTree = "<group>"; };
		37CCF5D929B22FF500888C20 /* ChatViewModel.swift */ = {isa = PBXFileReference; lastKnownFileType = sourcecode.swift; path = ChatViewModel.swift; sourceTree = "<group>"; };
		37CCF5DB29B2589B00888C20 /* ChatRoom.swift */ = {isa = PBXFileReference; lastKnownFileType = sourcecode.swift; path = ChatRoom.swift; sourceTree = "<group>"; };
		37CCF5DE29B25DC600888C20 /* KeyBoardHandling.swift */ = {isa = PBXFileReference; lastKnownFileType = sourcecode.swift; path = KeyBoardHandling.swift; sourceTree = "<group>"; };
		37CCF5E029B3428D00888C20 /* UIColor+Ex.swift */ = {isa = PBXFileReference; lastKnownFileType = sourcecode.swift; path = "UIColor+Ex.swift"; sourceTree = "<group>"; };
		37E1881E29B1D6C5000B8914 /* chatGPT bot.app */ = {isa = PBXFileReference; explicitFileType = wrapper.application; includeInIndex = 0; path = "chatGPT bot.app"; sourceTree = BUILT_PRODUCTS_DIR; };
		37E1882129B1D6C5000B8914 /* AppDelegate.swift */ = {isa = PBXFileReference; lastKnownFileType = sourcecode.swift; path = AppDelegate.swift; sourceTree = "<group>"; };
		37E1882329B1D6C5000B8914 /* SceneDelegate.swift */ = {isa = PBXFileReference; lastKnownFileType = sourcecode.swift; path = SceneDelegate.swift; sourceTree = "<group>"; };
		37E1882529B1D6C6000B8914 /* ChatRoomViewController.swift */ = {isa = PBXFileReference; lastKnownFileType = sourcecode.swift; path = ChatRoomViewController.swift; sourceTree = "<group>"; };
		37E1882A29B1D6C7000B8914 /* Assets.xcassets */ = {isa = PBXFileReference; lastKnownFileType = folder.assetcatalog; path = Assets.xcassets; sourceTree = "<group>"; };
		37E1882D29B1D6C7000B8914 /* Base */ = {isa = PBXFileReference; lastKnownFileType = file.storyboard; name = Base; path = Base.lproj/LaunchScreen.storyboard; sourceTree = "<group>"; };
		37E1882F29B1D6C7000B8914 /* Info.plist */ = {isa = PBXFileReference; lastKnownFileType = text.plist.xml; path = Info.plist; sourceTree = "<group>"; };
		37E1883B29B1D81D000B8914 /* APIInfo.swift */ = {isa = PBXFileReference; lastKnownFileType = sourcecode.swift; path = APIInfo.swift; sourceTree = "<group>"; };
		37E1883D29B1D865000B8914 /* ChatManager.swift */ = {isa = PBXFileReference; lastKnownFileType = sourcecode.swift; path = ChatManager.swift; sourceTree = "<group>"; };
		37E1883F29B1DF37000B8914 /* UserMessage.swift */ = {isa = PBXFileReference; lastKnownFileType = sourcecode.swift; path = UserMessage.swift; sourceTree = "<group>"; };
		37E1884129B1E906000B8914 /* BotResponse.swift */ = {isa = PBXFileReference; lastKnownFileType = sourcecode.swift; path = BotResponse.swift; sourceTree = "<group>"; };
		37E1884329B1F80F000B8914 /* MainTabBarController.swift */ = {isa = PBXFileReference; lastKnownFileType = sourcecode.swift; path = MainTabBarController.swift; sourceTree = "<group>"; };
		37E1884729B1FA32000B8914 /* ChatTableView.swift */ = {isa = PBXFileReference; lastKnownFileType = sourcecode.swift; path = ChatTableView.swift; sourceTree = "<group>"; };
		37E1884929B1FA5D000B8914 /* UserMessageCell.swift */ = {isa = PBXFileReference; lastKnownFileType = sourcecode.swift; path = UserMessageCell.swift; sourceTree = "<group>"; };
		37E1884A29B1FA5D000B8914 /* UserMessageCell.xib */ = {isa = PBXFileReference; lastKnownFileType = file.xib; path = UserMessageCell.xib; sourceTree = "<group>"; };
		37E1884D29B1FA70000B8914 /* BotMessageCell.swift */ = {isa = PBXFileReference; lastKnownFileType = sourcecode.swift; path = BotMessageCell.swift; sourceTree = "<group>"; };
		37E1884E29B1FA70000B8914 /* BotMessageCell.xib */ = {isa = PBXFileReference; lastKnownFileType = file.xib; path = BotMessageCell.xib; sourceTree = "<group>"; };
		37E1885229B1FB20000B8914 /* UITextViewCell+Ex.swift */ = {isa = PBXFileReference; lastKnownFileType = sourcecode.swift; path = "UITextViewCell+Ex.swift"; sourceTree = "<group>"; };
/* End PBXFileReference section */

/* Begin PBXFrameworksBuildPhase section */
		37E1881B29B1D6C5000B8914 /* Frameworks */ = {
			isa = PBXFrameworksBuildPhase;
			buildActionMask = 2147483647;
			files = (
			);
			runOnlyForDeploymentPostprocessing = 0;
		};
/* End PBXFrameworksBuildPhase section */

/* Begin PBXGroup section */
		37CCF5DD29B25DBB00888C20 /* Protocol */ = {
			isa = PBXGroup;
			children = (
				37CCF5DE29B25DC600888C20 /* KeyBoardHandling.swift */,
			);
			path = Protocol;
			sourceTree = "<group>";
		};
		37E1881529B1D6C5000B8914 = {
			isa = PBXGroup;
			children = (
				37E1882029B1D6C5000B8914 /* chatGPT bot */,
				37E1881F29B1D6C5000B8914 /* Products */,
			);
			sourceTree = "<group>";
		};
		37E1881F29B1D6C5000B8914 /* Products */ = {
			isa = PBXGroup;
			children = (
				37E1881E29B1D6C5000B8914 /* chatGPT bot.app */,
			);
			name = Products;
			sourceTree = "<group>";
		};
		37E1882029B1D6C5000B8914 /* chatGPT bot */ = {
			isa = PBXGroup;
			children = (
				37CCF5DD29B25DBB00888C20 /* Protocol */,
				37E1885129B1FAF9000B8914 /* Extension */,
				37E1884629B1F957000B8914 /* ViewModel */,
				37E1884529B1F94E000B8914 /* View */,
				37E1883829B1D7B4000B8914 /* Model */,
				37E1882129B1D6C5000B8914 /* AppDelegate.swift */,
				37E1882329B1D6C5000B8914 /* SceneDelegate.swift */,
				37E1882A29B1D6C7000B8914 /* Assets.xcassets */,
				37E1882C29B1D6C7000B8914 /* LaunchScreen.storyboard */,
				37E1882F29B1D6C7000B8914 /* Info.plist */,
			);
			path = "chatGPT bot";
			sourceTree = "<group>";
		};
		37E1883829B1D7B4000B8914 /* Model */ = {
			isa = PBXGroup;
			children = (
				37E1884329B1F80F000B8914 /* MainTabBarController.swift */,
				37E1883B29B1D81D000B8914 /* APIInfo.swift */,
				37E1883D29B1D865000B8914 /* ChatManager.swift */,
				37E1883F29B1DF37000B8914 /* UserMessage.swift */,
				37E1884129B1E906000B8914 /* BotResponse.swift */,
				37CCF5DB29B2589B00888C20 /* ChatRoom.swift */,
			);
			path = Model;
			sourceTree = "<group>";
		};
		37E1884529B1F94E000B8914 /* View */ = {
			isa = PBXGroup;
			children = (
				37E1885529B1FE7D000B8914 /* ChatRoom */,
			);
			path = View;
			sourceTree = "<group>";
		};
		37E1884629B1F957000B8914 /* ViewModel */ = {
			isa = PBXGroup;
			children = (
				37CCF5D929B22FF500888C20 /* ChatViewModel.swift */,
			);
			path = ViewModel;
			sourceTree = "<group>";
		};
		37E1885129B1FAF9000B8914 /* Extension */ = {
			isa = PBXGroup;
			children = (
				37E1885229B1FB20000B8914 /* UITextViewCell+Ex.swift */,
				37CCF5D729B22F8B00888C20 /* UITextView+Ex.swift */,
				37CCF5E029B3428D00888C20 /* UIColor+Ex.swift */,
			);
			path = Extension;
			sourceTree = "<group>";
		};
		37E1885429B1FE6E000B8914 /* Cell */ = {
			isa = PBXGroup;
			children = (
				37E1884929B1FA5D000B8914 /* UserMessageCell.swift */,
				37E1884D29B1FA70000B8914 /* BotMessageCell.swift */,
				37E1884A29B1FA5D000B8914 /* UserMessageCell.xib */,
				37E1884E29B1FA70000B8914 /* BotMessageCell.xib */,
			);
			path = Cell;
			sourceTree = "<group>";
		};
		37E1885529B1FE7D000B8914 /* ChatRoom */ = {
			isa = PBXGroup;
			children = (
				37E1882529B1D6C6000B8914 /* ChatRoomViewController.swift */,
				37E1884729B1FA32000B8914 /* ChatTableView.swift */,
				37CCF5D529B210EC00888C20 /* ChatBaseView.swift */,
				37E1885429B1FE6E000B8914 /* Cell */,
			);
			path = ChatRoom;
			sourceTree = "<group>";
		};
/* End PBXGroup section */

/* Begin PBXNativeTarget section */
		37E1881D29B1D6C5000B8914 /* chatGPT bot */ = {
			isa = PBXNativeTarget;
			buildConfigurationList = 37E1883229B1D6C7000B8914 /* Build configuration list for PBXNativeTarget "chatGPT bot" */;
			buildPhases = (
				37E1881A29B1D6C5000B8914 /* Sources */,
				37E1881B29B1D6C5000B8914 /* Frameworks */,
				37E1881C29B1D6C5000B8914 /* Resources */,
			);
			buildRules = (
			);
			dependencies = (
			);
			name = "chatGPT bot";
			productName = "chatGPT bot";
			productReference = 37E1881E29B1D6C5000B8914 /* chatGPT bot.app */;
			productType = "com.apple.product-type.application";
		};
/* End PBXNativeTarget section */

/* Begin PBXProject section */
		37E1881629B1D6C5000B8914 /* Project object */ = {
			isa = PBXProject;
			attributes = {
				BuildIndependentTargetsInParallel = 1;
				LastSwiftUpdateCheck = 1400;
				LastUpgradeCheck = 1400;
				TargetAttributes = {
					37E1881D29B1D6C5000B8914 = {
						CreatedOnToolsVersion = 14.0.1;
					};
				};
			};
			buildConfigurationList = 37E1881929B1D6C5000B8914 /* Build configuration list for PBXProject "chatGPT bot" */;
			compatibilityVersion = "Xcode 14.0";
			developmentRegion = en;
			hasScannedForEncodings = 0;
			knownRegions = (
				en,
				Base,
			);
			mainGroup = 37E1881529B1D6C5000B8914;
			productRefGroup = 37E1881F29B1D6C5000B8914 /* Products */;
			projectDirPath = "";
			projectRoot = "";
			targets = (
				37E1881D29B1D6C5000B8914 /* chatGPT bot */,
			);
		};
/* End PBXProject section */

/* Begin PBXResourcesBuildPhase section */
		37E1881C29B1D6C5000B8914 /* Resources */ = {
			isa = PBXResourcesBuildPhase;
			buildActionMask = 2147483647;
			files = (
				37E1882E29B1D6C7000B8914 /* LaunchScreen.storyboard in Resources */,
				37E1885029B1FA70000B8914 /* BotMessageCell.xib in Resources */,
				37E1882B29B1D6C7000B8914 /* Assets.xcassets in Resources */,
				37E1884C29B1FA5D000B8914 /* UserMessageCell.xib in Resources */,
			);
			runOnlyForDeploymentPostprocessing = 0;
		};
/* End PBXResourcesBuildPhase section */

/* Begin PBXSourcesBuildPhase section */
		37E1881A29B1D6C5000B8914 /* Sources */ = {
			isa = PBXSourcesBuildPhase;
			buildActionMask = 2147483647;
			files = (
				37CCF5D829B22F8B00888C20 /* UITextView+Ex.swift in Sources */,
				37E1884029B1DF37000B8914 /* UserMessage.swift in Sources */,
				37E1883E29B1D865000B8914 /* ChatManager.swift in Sources */,
				37E1884429B1F80F000B8914 /* MainTabBarController.swift in Sources */,
				37E1884229B1E906000B8914 /* BotResponse.swift in Sources */,
				37CCF5DF29B25DC600888C20 /* KeyBoardHandling.swift in Sources */,
				37CCF5E129B3428D00888C20 /* UIColor+Ex.swift in Sources */,
				37E1882629B1D6C6000B8914 /* ChatRoomViewController.swift in Sources */,
				37CCF5DC29B2589B00888C20 /* ChatRoom.swift in Sources */,
				37E1882229B1D6C5000B8914 /* AppDelegate.swift in Sources */,
				37E1884F29B1FA70000B8914 /* BotMessageCell.swift in Sources */,
				37E1884829B1FA32000B8914 /* ChatTableView.swift in Sources */,
				37E1885329B1FB20000B8914 /* UITextViewCell+Ex.swift in Sources */,
				37E1883C29B1D81D000B8914 /* APIInfo.swift in Sources */,
				37E1884B29B1FA5D000B8914 /* UserMessageCell.swift in Sources */,
				37E1882429B1D6C5000B8914 /* SceneDelegate.swift in Sources */,
				37CCF5DA29B22FF500888C20 /* ChatViewModel.swift in Sources */,
				37CCF5D629B210EC00888C20 /* ChatBaseView.swift in Sources */,
			);
			runOnlyForDeploymentPostprocessing = 0;
		};
/* End PBXSourcesBuildPhase section */

/* Begin PBXVariantGroup section */
		37E1882C29B1D6C7000B8914 /* LaunchScreen.storyboard */ = {
			isa = PBXVariantGroup;
			children = (
				37E1882D29B1D6C7000B8914 /* Base */,
			);
			name = LaunchScreen.storyboard;
			sourceTree = "<group>";
		};
/* End PBXVariantGroup section */

/* Begin XCBuildConfiguration section */
		37E1883029B1D6C7000B8914 /* Debug */ = {
			isa = XCBuildConfiguration;
			buildSettings = {
				ALWAYS_SEARCH_USER_PATHS = NO;
				CLANG_ANALYZER_NONNULL = YES;
				CLANG_ANALYZER_NUMBER_OBJECT_CONVERSION = YES_AGGRESSIVE;
				CLANG_CXX_LANGUAGE_STANDARD = "gnu++20";
				CLANG_ENABLE_MODULES = YES;
				CLANG_ENABLE_OBJC_ARC = YES;
				CLANG_ENABLE_OBJC_WEAK = YES;
				CLANG_WARN_BLOCK_CAPTURE_AUTORELEASING = YES;
				CLANG_WARN_BOOL_CONVERSION = YES;
				CLANG_WARN_COMMA = YES;
				CLANG_WARN_CONSTANT_CONVERSION = YES;
				CLANG_WARN_DEPRECATED_OBJC_IMPLEMENTATIONS = YES;
				CLANG_WARN_DIRECT_OBJC_ISA_USAGE = YES_ERROR;
				CLANG_WARN_DOCUMENTATION_COMMENTS = YES;
				CLANG_WARN_EMPTY_BODY = YES;
				CLANG_WARN_ENUM_CONVERSION = YES;
				CLANG_WARN_INFINITE_RECURSION = YES;
				CLANG_WARN_INT_CONVERSION = YES;
				CLANG_WARN_NON_LITERAL_NULL_CONVERSION = YES;
				CLANG_WARN_OBJC_IMPLICIT_RETAIN_SELF = YES;
				CLANG_WARN_OBJC_LITERAL_CONVERSION = YES;
				CLANG_WARN_OBJC_ROOT_CLASS = YES_ERROR;
				CLANG_WARN_QUOTED_INCLUDE_IN_FRAMEWORK_HEADER = YES;
				CLANG_WARN_RANGE_LOOP_ANALYSIS = YES;
				CLANG_WARN_STRICT_PROTOTYPES = YES;
				CLANG_WARN_SUSPICIOUS_MOVE = YES;
				CLANG_WARN_UNGUARDED_AVAILABILITY = YES_AGGRESSIVE;
				CLANG_WARN_UNREACHABLE_CODE = YES;
				CLANG_WARN__DUPLICATE_METHOD_MATCH = YES;
				COPY_PHASE_STRIP = NO;
				DEBUG_INFORMATION_FORMAT = dwarf;
				ENABLE_STRICT_OBJC_MSGSEND = YES;
				ENABLE_TESTABILITY = YES;
				GCC_C_LANGUAGE_STANDARD = gnu11;
				GCC_DYNAMIC_NO_PIC = NO;
				GCC_NO_COMMON_BLOCKS = YES;
				GCC_OPTIMIZATION_LEVEL = 0;
				GCC_PREPROCESSOR_DEFINITIONS = (
					"DEBUG=1",
					"$(inherited)",
				);
				GCC_WARN_64_TO_32_BIT_CONVERSION = YES;
				GCC_WARN_ABOUT_RETURN_TYPE = YES_ERROR;
				GCC_WARN_UNDECLARED_SELECTOR = YES;
				GCC_WARN_UNINITIALIZED_AUTOS = YES_AGGRESSIVE;
				GCC_WARN_UNUSED_FUNCTION = YES;
				GCC_WARN_UNUSED_VARIABLE = YES;
				IPHONEOS_DEPLOYMENT_TARGET = 16.0;
				MTL_ENABLE_DEBUG_INFO = INCLUDE_SOURCE;
				MTL_FAST_MATH = YES;
				ONLY_ACTIVE_ARCH = YES;
				SDKROOT = iphoneos;
				SWIFT_ACTIVE_COMPILATION_CONDITIONS = DEBUG;
				SWIFT_OPTIMIZATION_LEVEL = "-Onone";
			};
			name = Debug;
		};
		37E1883129B1D6C7000B8914 /* Release */ = {
			isa = XCBuildConfiguration;
			buildSettings = {
				ALWAYS_SEARCH_USER_PATHS = NO;
				CLANG_ANALYZER_NONNULL = YES;
				CLANG_ANALYZER_NUMBER_OBJECT_CONVERSION = YES_AGGRESSIVE;
				CLANG_CXX_LANGUAGE_STANDARD = "gnu++20";
				CLANG_ENABLE_MODULES = YES;
				CLANG_ENABLE_OBJC_ARC = YES;
				CLANG_ENABLE_OBJC_WEAK = YES;
				CLANG_WARN_BLOCK_CAPTURE_AUTORELEASING = YES;
				CLANG_WARN_BOOL_CONVERSION = YES;
				CLANG_WARN_COMMA = YES;
				CLANG_WARN_CONSTANT_CONVERSION = YES;
				CLANG_WARN_DEPRECATED_OBJC_IMPLEMENTATIONS = YES;
				CLANG_WARN_DIRECT_OBJC_ISA_USAGE = YES_ERROR;
				CLANG_WARN_DOCUMENTATION_COMMENTS = YES;
				CLANG_WARN_EMPTY_BODY = YES;
				CLANG_WARN_ENUM_CONVERSION = YES;
				CLANG_WARN_INFINITE_RECURSION = YES;
				CLANG_WARN_INT_CONVERSION = YES;
				CLANG_WARN_NON_LITERAL_NULL_CONVERSION = YES;
				CLANG_WARN_OBJC_IMPLICIT_RETAIN_SELF = YES;
				CLANG_WARN_OBJC_LITERAL_CONVERSION = YES;
				CLANG_WARN_OBJC_ROOT_CLASS = YES_ERROR;
				CLANG_WARN_QUOTED_INCLUDE_IN_FRAMEWORK_HEADER = YES;
				CLANG_WARN_RANGE_LOOP_ANALYSIS = YES;
				CLANG_WARN_STRICT_PROTOTYPES = YES;
				CLANG_WARN_SUSPICIOUS_MOVE = YES;
				CLANG_WARN_UNGUARDED_AVAILABILITY = YES_AGGRESSIVE;
				CLANG_WARN_UNREACHABLE_CODE = YES;
				CLANG_WARN__DUPLICATE_METHOD_MATCH = YES;
				COPY_PHASE_STRIP = NO;
				DEBUG_INFORMATION_FORMAT = "dwarf-with-dsym";
				ENABLE_NS_ASSERTIONS = NO;
				ENABLE_STRICT_OBJC_MSGSEND = YES;
				GCC_C_LANGUAGE_STANDARD = gnu11;
				GCC_NO_COMMON_BLOCKS = YES;
				GCC_WARN_64_TO_32_BIT_CONVERSION = YES;
				GCC_WARN_ABOUT_RETURN_TYPE = YES_ERROR;
				GCC_WARN_UNDECLARED_SELECTOR = YES;
				GCC_WARN_UNINITIALIZED_AUTOS = YES_AGGRESSIVE;
				GCC_WARN_UNUSED_FUNCTION = YES;
				GCC_WARN_UNUSED_VARIABLE = YES;
				IPHONEOS_DEPLOYMENT_TARGET = 16.0;
				MTL_ENABLE_DEBUG_INFO = NO;
				MTL_FAST_MATH = YES;
				SDKROOT = iphoneos;
				SWIFT_COMPILATION_MODE = wholemodule;
				SWIFT_OPTIMIZATION_LEVEL = "-O";
				VALIDATE_PRODUCT = YES;
			};
			name = Release;
		};
		37E1883329B1D6C7000B8914 /* Debug */ = {
			isa = XCBuildConfiguration;
			buildSettings = {
				ASSETCATALOG_COMPILER_APPICON_NAME = AppIcon;
				ASSETCATALOG_COMPILER_GLOBAL_ACCENT_COLOR_NAME = AccentColor;
				CODE_SIGN_STYLE = Automatic;
				CURRENT_PROJECT_VERSION = 1;
				DEVELOPMENT_TEAM = FV92TC3KA2;
				GENERATE_INFOPLIST_FILE = YES;
				INFOPLIST_FILE = "chatGPT bot/Info.plist";
				INFOPLIST_KEY_UIApplicationSupportsIndirectInputEvents = YES;
				INFOPLIST_KEY_UILaunchStoryboardName = LaunchScreen;
				INFOPLIST_KEY_UISupportedInterfaceOrientations_iPad = "UIInterfaceOrientationPortrait UIInterfaceOrientationPortraitUpsideDown UIInterfaceOrientationLandscapeLeft UIInterfaceOrientationLandscapeRight";
				INFOPLIST_KEY_UISupportedInterfaceOrientations_iPhone = "UIInterfaceOrientationPortrait UIInterfaceOrientationLandscapeLeft UIInterfaceOrientationLandscapeRight";
				LD_RUNPATH_SEARCH_PATHS = (
					"$(inherited)",
					"@executable_path/Frameworks",
				);
				MARKETING_VERSION = 1.0;
				PRODUCT_BUNDLE_IDENTIFIER = "com.EricKong.chatGPT-bot";
				PRODUCT_NAME = "$(TARGET_NAME)";
				SWIFT_EMIT_LOC_STRINGS = YES;
				SWIFT_VERSION = 5.0;
				TARGETED_DEVICE_FAMILY = "1,2";
			};
			name = Debug;
		};
		37E1883429B1D6C7000B8914 /* Release */ = {
			isa = XCBuildConfiguration;
			buildSettings = {
				ASSETCATALOG_COMPILER_APPICON_NAME = AppIcon;
				ASSETCATALOG_COMPILER_GLOBAL_ACCENT_COLOR_NAME = AccentColor;
				CODE_SIGN_STYLE = Automatic;
				CURRENT_PROJECT_VERSION = 1;
				DEVELOPMENT_TEAM = FV92TC3KA2;
				GENERATE_INFOPLIST_FILE = YES;
				INFOPLIST_FILE = "chatGPT bot/Info.plist";
				INFOPLIST_KEY_UIApplicationSupportsIndirectInputEvents = YES;
				INFOPLIST_KEY_UILaunchStoryboardName = LaunchScreen;
				INFOPLIST_KEY_UISupportedInterfaceOrientations_iPad = "UIInterfaceOrientationPortrait UIInterfaceOrientationPortraitUpsideDown UIInterfaceOrientationLandscapeLeft UIInterfaceOrientationLandscapeRight";
				INFOPLIST_KEY_UISupportedInterfaceOrientations_iPhone = "UIInterfaceOrientationPortrait UIInterfaceOrientationLandscapeLeft UIInterfaceOrientationLandscapeRight";
				LD_RUNPATH_SEARCH_PATHS = (
					"$(inherited)",
					"@executable_path/Frameworks",
				);
				MARKETING_VERSION = 1.0;
				PRODUCT_BUNDLE_IDENTIFIER = "com.EricKong.chatGPT-bot";
				PRODUCT_NAME = "$(TARGET_NAME)";
				SWIFT_EMIT_LOC_STRINGS = YES;
				SWIFT_VERSION = 5.0;
				TARGETED_DEVICE_FAMILY = "1,2";
			};
			name = Release;
		};
/* End XCBuildConfiguration section */

/* Begin XCConfigurationList section */
		37E1881929B1D6C5000B8914 /* Build configuration list for PBXProject "chatGPT bot" */ = {
			isa = XCConfigurationList;
			buildConfigurations = (
				37E1883029B1D6C7000B8914 /* Debug */,
				37E1883129B1D6C7000B8914 /* Release */,
			);
			defaultConfigurationIsVisible = 0;
			defaultConfigurationName = Release;
		};
		37E1883229B1D6C7000B8914 /* Build configuration list for PBXNativeTarget "chatGPT bot" */ = {
			isa = XCConfigurationList;
			buildConfigurations = (
				37E1883329B1D6C7000B8914 /* Debug */,
				37E1883429B1D6C7000B8914 /* Release */,
			);
			defaultConfigurationIsVisible = 0;
			defaultConfigurationName = Release;
		};
/* End XCConfigurationList section */
	};
	rootObject = 37E1881629B1D6C5000B8914 /* Project object */;
}
